Microsoft Visual Studio Solution File, Format Version 12.00
# Visual Studio Version 17
VisualStudioVersion = 17.5.2.0
MinimumVisualStudioVersion = 10.0.40219.1
Project("{FAE04EC0-301F-11D3-BF4B-00C04F79EFBC}") = "aspnet-minimal-sample", "aspnet-minimal-sample.csproj", "{8A08C13E-EB02-ABCB-4988-3CA85A682CF8}"
EndProject
Global
	GlobalSection(SolutionConfigurationPlatforms) = preSolution
		Debug|Any CPU = Debug|Any CPU
		Release|Any CPU = Release|Any CPU
	EndGlobalSection
	GlobalSection(ProjectConfigurationPlatforms) = postSolution
		{8A08C13E-EB02-ABCB-4988-3CA85A682CF8}.Debug|Any CPU.ActiveCfg = Debug|Any CPU
		{8A08C13E-EB02-ABCB-4988-3CA85A682CF8}.Debug|Any CPU.Build.0 = Debug|Any CPU
		{8A08C13E-EB02-ABCB-4988-3CA85A682CF8}.Release|Any CPU.ActiveCfg = Release|Any CPU
		{8A08C13E-EB02-ABCB-4988-3CA85A682CF8}.Release|Any CPU.Build.0 = Release|Any CPU
	EndGlobalSection
	GlobalSection(SolutionProperties) = preSolution
		HideSolutionNode = FALSE
	EndGlobalSection
	GlobalSection(ExtensibilityGlobals) = postSolution
		SolutionGuid = {959C32B2-CD6A-4A8D-98CB-776609A91435}
	EndGlobalSection
EndGlobal
